
Microsoft Visual Studio Solution File, Format Version 12.00
# Visual Studio 2013
VisualStudioVersion = 12.0.30501.0
MinimumVisualStudioVersion = 10.0.40219.1
Project("{FAE04EC0-301F-11D3-BF4B-00C04F79EFBC}") = "MvcSASE", "MvcSASE\MvcSASE.csproj", "{EE69A72E-ACAF-4BF4-8710-AA523B7299A2}"
EndProject
Project("{FAE04EC0-301F-11D3-BF4B-00C04F79EFBC}") = "ConsoleSASE", "ConsoleSASE\ConsoleSASE.csproj", "{B02A0518-3455-4EEB-926B-C88993A63873}"
EndProject
Project("{FAE04EC0-301F-11D3-BF4B-00C04F79EFBC}") = "SASELibrary", "SASELibrary\SASELibrary.csproj", "{37C34D56-59A0-45D2-8C97-61A2670B1949}"
EndProject
Project("{FAE04EC0-301F-11D3-BF4B-00C04F79EFBC}") = "SYWorker", "SYWorker\SYWorker.csproj", "{1DB4C78B-B4A0-45FD-A079-236776CF4CDA}"
EndProject
Project("{CC5FD16D-436D-48AD-A40C-5A424C6E3E79}") = "SASEYoutube", "SASEYoutube\SASEYoutube.ccproj", "{4507A28B-B2E0-4AC9-92B8-A2FC82910A0D}"
EndProject
Global
	GlobalSection(SolutionConfigurationPlatforms) = preSolution
		Debug|Any CPU = Debug|Any CPU
		Release|Any CPU = Release|Any CPU
	EndGlobalSection
	GlobalSection(ProjectConfigurationPlatforms) = postSolution
		{EE69A72E-ACAF-4BF4-8710-AA523B7299A2}.Debug|Any CPU.ActiveCfg = Debug|Any CPU
		{EE69A72E-ACAF-4BF4-8710-AA523B7299A2}.Debug|Any CPU.Build.0 = Debug|Any CPU
		{EE69A72E-ACAF-4BF4-8710-AA523B7299A2}.Release|Any CPU.ActiveCfg = Release|Any CPU
		{EE69A72E-ACAF-4BF4-8710-AA523B7299A2}.Release|Any CPU.Build.0 = Release|Any CPU
		{B02A0518-3455-4EEB-926B-C88993A63873}.Debug|Any CPU.ActiveCfg = Debug|Any CPU
		{B02A0518-3455-4EEB-926B-C88993A63873}.Debug|Any CPU.Build.0 = Debug|Any CPU
		{B02A0518-3455-4EEB-926B-C88993A63873}.Release|Any CPU.ActiveCfg = Release|Any CPU
		{B02A0518-3455-4EEB-926B-C88993A63873}.Release|Any CPU.Build.0 = Release|Any CPU
		{37C34D56-59A0-45D2-8C97-61A2670B1949}.Debug|Any CPU.ActiveCfg = Debug|Any CPU
		{37C34D56-59A0-45D2-8C97-61A2670B1949}.Debug|Any CPU.Build.0 = Debug|Any CPU
		{37C34D56-59A0-45D2-8C97-61A2670B1949}.Release|Any CPU.ActiveCfg = Release|Any CPU
		{37C34D56-59A0-45D2-8C97-61A2670B1949}.Release|Any CPU.Build.0 = Release|Any CPU
		{1DB4C78B-B4A0-45FD-A079-236776CF4CDA}.Debug|Any CPU.ActiveCfg = Debug|Any CPU
		{1DB4C78B-B4A0-45FD-A079-236776CF4CDA}.Debug|Any CPU.Build.0 = Debug|Any CPU
		{1DB4C78B-B4A0-45FD-A079-236776CF4CDA}.Release|Any CPU.ActiveCfg = Release|Any CPU
		{1DB4C78B-B4A0-45FD-A079-236776CF4CDA}.Release|Any CPU.Build.0 = Release|Any CPU
		{4507A28B-B2E0-4AC9-92B8-A2FC82910A0D}.Debug|Any CPU.ActiveCfg = Debug|Any CPU
		{4507A28B-B2E0-4AC9-92B8-A2FC82910A0D}.Debug|Any CPU.Build.0 = Debug|Any CPU
		{4507A28B-B2E0-4AC9-92B8-A2FC82910A0D}.Release|Any CPU.ActiveCfg = Release|Any CPU
		{4507A28B-B2E0-4AC9-92B8-A2FC82910A0D}.Release|Any CPU.Build.0 = Release|Any CPU
	EndGlobalSection
	GlobalSection(SolutionProperties) = preSolution
		HideSolutionNode = FALSE
	EndGlobalSection
EndGlobal
